// !$*UTF8*$!
{
	archiveVersion = 1;
	classes = {
	};
	objectVersion = 56;
	objects = {

/* Begin PBXBuildFile section */
		3A15E8775EAD34542F040E6B /* Pods_Scanner.framework in Frameworks */ = {isa = PBXBuildFile; fileRef = 7B6B54538293994E45F9EC0A /* Pods_Scanner.framework */; };
		6F8846F42A2791DC00127E84 /* ScannerApp.swift in Sources */ = {isa = PBXBuildFile; fileRef = 6F8846F32A2791DC00127E84 /* ScannerApp.swift */; };
		6F8846F62A2791DC00127E84 /* ContentView.swift in Sources */ = {isa = PBXBuildFile; fileRef = 6F8846F52A2791DC00127E84 /* ContentView.swift */; };
		6F8846F82A2791DF00127E84 /* Assets.xcassets in Resources */ = {isa = PBXBuildFile; fileRef = 6F8846F72A2791DF00127E84 /* Assets.xcassets */; };
		6F8846FB2A2791DF00127E84 /* Preview Assets.xcassets in Resources */ = {isa = PBXBuildFile; fileRef = 6F8846FA2A2791DF00127E84 /* Preview Assets.xcassets */; };
		6F8847022A2795C900127E84 /* ScannerVC.swift in Sources */ = {isa = PBXBuildFile; fileRef = 6F8847012A2795C900127E84 /* ScannerVC.swift */; };
/* End PBXBuildFile section */

/* Begin PBXFileReference section */
		1F0A13FC6F7C04259556EC80 /* Pods-Scanner.release.xcconfig */ = {isa = PBXFileReference; includeInIndex = 1; lastKnownFileType = text.xcconfig; name = "Pods-Scanner.release.xcconfig"; path = "Target Support Files/Pods-Scanner/Pods-Scanner.release.xcconfig"; sourceTree = "<group>"; };
		6F8846F02A2791DC00127E84 /* Scanner.app */ = {isa = PBXFileReference; explicitFileType = wrapper.application; includeInIndex = 0; path = Scanner.app; sourceTree = BUILT_PRODUCTS_DIR; };
		6F8846F32A2791DC00127E84 /* ScannerApp.swift */ = {isa = PBXFileReference; lastKnownFileType = sourcecode.swift; path = ScannerApp.swift; sourceTree = "<group>"; };
		6F8846F52A2791DC00127E84 /* ContentView.swift */ = {isa = PBXFileReference; lastKnownFileType = sourcecode.swift; path = ContentView.swift; sourceTree = "<group>"; };
		6F8846F72A2791DF00127E84 /* Assets.xcassets */ = {isa = PBXFileReference; lastKnownFileType = folder.assetcatalog; path = Assets.xcassets; sourceTree = "<group>"; };
		6F8846FA2A2791DF00127E84 /* Preview Assets.xcassets */ = {isa = PBXFileReference; lastKnownFileType = folder.assetcatalog; path = "Preview Assets.xcassets"; sourceTree = "<group>"; };
		6F8847012A2795C900127E84 /* ScannerVC.swift */ = {isa = PBXFileReference; lastKnownFileType = sourcecode.swift; path = ScannerVC.swift; sourceTree = "<group>"; };
		7B6B54538293994E45F9EC0A /* Pods_Scanner.framework */ = {isa = PBXFileReference; explicitFileType = wrapper.framework; includeInIndex = 0; path = Pods_Scanner.framework; sourceTree = BUILT_PRODUCTS_DIR; };
		F6BF1F6DAB37BCCE09A2B4D1 /* Pods-Scanner.debug.xcconfig */ = {isa = PBXFileReference; includeInIndex = 1; lastKnownFileType = text.xcconfig; name = "Pods-Scanner.debug.xcconfig"; path = "Target Support Files/Pods-Scanner/Pods-Scanner.debug.xcconfig"; sourceTree = "<group>"; };
/* End PBXFileReference section */

/* Begin PBXFrameworksBuildPhase section */
		6F8846ED2A2791DC00127E84 /* Frameworks */ = {
			isa = PBXFrameworksBuildPhase;
			buildActionMask = 2147483647;
			files = (
				3A15E8775EAD34542F040E6B /* Pods_Scanner.framework in Frameworks */,
			);
			runOnlyForDeploymentPostprocessing = 0;
		};
/* End PBXFrameworksBuildPhase section */

/* Begin PBXGroup section */
		6F8846E72A2791DC00127E84 = {
			isa = PBXGroup;
			children = (
				6F8846F22A2791DC00127E84 /* Scanner */,
				6F8846F12A2791DC00127E84 /* Products */,
				CA7EA0F5874A6D053A60778B /* Pods */,
				9566C13EBE0A7E45A6D72E88 /* Frameworks */,
			);
			sourceTree = "<group>";
		};
		6F8846F12A2791DC00127E84 /* Products */ = {
			isa = PBXGroup;
			children = (
				6F8846F02A2791DC00127E84 /* Scanner.app */,
			);
			name = Products;
			sourceTree = "<group>";
		};
		6F8846F22A2791DC00127E84 /* Scanner */ = {
			isa = PBXGroup;
			children = (
				6F8846F32A2791DC00127E84 /* ScannerApp.swift */,
				6F8846F52A2791DC00127E84 /* ContentView.swift */,
				6F8846F72A2791DF00127E84 /* Assets.xcassets */,
				6F8846F92A2791DF00127E84 /* Preview Content */,
				6F8847012A2795C900127E84 /* ScannerVC.swift */,
			);
			path = Scanner;
			sourceTree = "<group>";
		};
		6F8846F92A2791DF00127E84 /* Preview Content */ = {
			isa = PBXGroup;
			children = (
				6F8846FA2A2791DF00127E84 /* Preview Assets.xcassets */,
			);
			path = "Preview Content";
			sourceTree = "<group>";
		};
		9566C13EBE0A7E45A6D72E88 /* Frameworks */ = {
			isa = PBXGroup;
			children = (
				7B6B54538293994E45F9EC0A /* Pods_Scanner.framework */,
			);
			name = Frameworks;
			sourceTree = "<group>";
		};
		CA7EA0F5874A6D053A60778B /* Pods */ = {
			isa = PBXGroup;
			children = (
				F6BF1F6DAB37BCCE09A2B4D1 /* Pods-Scanner.debug.xcconfig */,
				1F0A13FC6F7C04259556EC80 /* Pods-Scanner.release.xcconfig */,
			);
			path = Pods;
			sourceTree = "<group>";
		};
/* End PBXGroup section */

/* Begin PBXNativeTarget section */
		6F8846EF2A2791DC00127E84 /* Scanner */ = {
			isa = PBXNativeTarget;
			buildConfigurationList = 6F8846FE2A2791DF00127E84 /* Build configuration list for PBXNativeTarget "Scanner" */;
			buildPhases = (
				091B1082BC04B05AD990F222 /* [CP] Check Pods Manifest.lock */,
				6F8846EC2A2791DC00127E84 /* Sources */,
				6F8846ED2A2791DC00127E84 /* Frameworks */,
				6F8846EE2A2791DC00127E84 /* Resources */,
				F326859192E9613F144627ED /* [CP] Embed Pods Frameworks */,
			);
			buildRules = (
			);
			dependencies = (
			);
			name = Scanner;
			productName = Scanner;
			productReference = 6F8846F02A2791DC00127E84 /* Scanner.app */;
			productType = "com.apple.product-type.application";
		};
/* End PBXNativeTarget section */

/* Begin PBXProject section */
		6F8846E82A2791DC00127E84 /* Project object */ = {
			isa = PBXProject;
			attributes = {
				BuildIndependentTargetsInParallel = 1;
				LastSwiftUpdateCheck = 1430;
				LastUpgradeCheck = 1430;
				TargetAttributes = {
					6F8846EF2A2791DC00127E84 = {
						CreatedOnToolsVersion = 14.3;
					};
				};
			};
			buildConfigurationList = 6F8846EB2A2791DC00127E84 /* Build configuration list for PBXProject "Scanner" */;
			compatibilityVersion = "Xcode 14.0";
			developmentRegion = en;
			hasScannedForEncodings = 0;
			knownRegions = (
				en,
				Base,
			);
			mainGroup = 6F8846E72A2791DC00127E84;
			productRefGroup = 6F8846F12A2791DC00127E84 /* Products */;
			projectDirPath = "";
			projectRoot = "";
			targets = (
				6F8846EF2A2791DC00127E84 /* Scanner */,
			);
		};
/* End PBXProject section */

/* Begin PBXResourcesBuildPhase section */
		6F8846EE2A2791DC00127E84 /* Resources */ = {
			isa = PBXResourcesBuildPhase;
			buildActionMask = 2147483647;
			files = (
				6F8846FB2A2791DF00127E84 /* Preview Assets.xcassets in Resources */,
				6F8846F82A2791DF00127E84 /* Assets.xcassets in Resources */,
			);
			runOnlyForDeploymentPostprocessing = 0;
		};
/* End PBXResourcesBuildPhase section */

/* Begin PBXShellScriptBuildPhase section */
		091B1082BC04B05AD990F222 /* [CP] Check Pods Manifest.lock */ = {
			isa = PBXShellScriptBuildPhase;
			buildActionMask = 2147483647;
			files = (
			);
			inputFileListPaths = (
			);
			inputPaths = (
				"${PODS_PODFILE_DIR_PATH}/Podfile.lock",
				"${PODS_ROOT}/Manifest.lock",
			);
			name = "[CP] Check Pods Manifest.lock";
			outputFileListPaths = (
			);
			outputPaths = (
				"$(DERIVED_FILE_DIR)/Pods-Scanner-checkManifestLockResult.txt",
			);
			runOnlyForDeploymentPostprocessing = 0;
			shellPath = /bin/sh;
			shellScript = "diff \"${PODS_PODFILE_DIR_PATH}/Podfile.lock\" \"${PODS_ROOT}/Manifest.lock\" > /dev/null\nif [ $? != 0 ] ; then\n    # print error to STDERR\n    echo \"error: The sandbox is not in sync with the Podfile.lock. Run 'pod install' or update your CocoaPods installation.\" >&2\n    exit 1\nfi\n# This output is used by Xcode 'outputs' to avoid re-running this script phase.\necho \"SUCCESS\" > \"${SCRIPT_OUTPUT_FILE_0}\"\n";
			showEnvVarsInLog = 0;
		};
		F326859192E9613F144627ED /* [CP] Embed Pods Frameworks */ = {
			isa = PBXShellScriptBuildPhase;
			buildActionMask = 2147483647;
			files = (
			);
			inputFileListPaths = (
				"${PODS_ROOT}/Target Support Files/Pods-Scanner/Pods-Scanner-frameworks-${CONFIGURATION}-input-files.xcfilelist",
			);
			name = "[CP] Embed Pods Frameworks";
			outputFileListPaths = (
				"${PODS_ROOT}/Target Support Files/Pods-Scanner/Pods-Scanner-frameworks-${CONFIGURATION}-output-files.xcfilelist",
			);
			runOnlyForDeploymentPostprocessing = 0;
			shellPath = /bin/sh;
			shellScript = "\"${PODS_ROOT}/Target Support Files/Pods-Scanner/Pods-Scanner-frameworks.sh\"\n";
			showEnvVarsInLog = 0;
		};
/* End PBXShellScriptBuildPhase section */

/* Begin PBXSourcesBuildPhase section */
		6F8846EC2A2791DC00127E84 /* Sources */ = {
			isa = PBXSourcesBuildPhase;
			buildActionMask = 2147483647;
			files = (
				6F8847022A2795C900127E84 /* ScannerVC.swift in Sources */,
				6F8846F62A2791DC00127E84 /* ContentView.swift in Sources */,
				6F8846F42A2791DC00127E84 /* ScannerApp.swift in Sources */,
			);
			runOnlyForDeploymentPostprocessing = 0;
		};
/* End PBXSourcesBuildPhase section */

/* Begin XCBuildConfiguration section */
		6F8846FC2A2791DF00127E84 /* Debug */ = {
			isa = XCBuildConfiguration;
			buildSettings = {
				ALWAYS_SEARCH_USER_PATHS = NO;
				CLANG_ANALYZER_NONNULL = YES;
				CLANG_ANALYZER_NUMBER_OBJECT_CONVERSION = YES_AGGRESSIVE;
				CLANG_CXX_LANGUAGE_STANDARD = "gnu++20";
				CLANG_ENABLE_MODULES = YES;
				CLANG_ENABLE_OBJC_ARC = YES;
				CLANG_ENABLE_OBJC_WEAK = YES;
				CLANG_WARN_BLOCK_CAPTURE_AUTORELEASING = YES;
				CLANG_WARN_BOOL_CONVERSION = YES;
				CLANG_WARN_COMMA = YES;
				CLANG_WARN_CONSTANT_CONVERSION = YES;
				CLANG_WARN_DEPRECATED_OBJC_IMPLEMENTATIONS = YES;
				CLANG_WARN_DIRECT_OBJC_ISA_USAGE = YES_ERROR;
				CLANG_WARN_DOCUMENTATION_COMMENTS = YES;
				CLANG_WARN_EMPTY_BODY = YES;
				CLANG_WARN_ENUM_CONVERSION = YES;
				CLANG_WARN_INFINITE_RECURSION = YES;
				CLANG_WARN_INT_CONVERSION = YES;
				CLANG_WARN_NON_LITERAL_NULL_CONVERSION = YES;
				CLANG_WARN_OBJC_IMPLICIT_RETAIN_SELF = YES;
				CLANG_WARN_OBJC_LITERAL_CONVERSION = YES;
				CLANG_WARN_OBJC_ROOT_CLASS = YES_ERROR;
				CLANG_WARN_QUOTED_INCLUDE_IN_FRAMEWORK_HEADER = YES;
				CLANG_WARN_RANGE_LOOP_ANALYSIS = YES;
				CLANG_WARN_STRICT_PROTOTYPES = YES;
				CLANG_WARN_SUSPICIOUS_MOVE = YES;
				CLANG_WARN_UNGUARDED_AVAILABILITY = YES_AGGRESSIVE;
				CLANG_WARN_UNREACHABLE_CODE = YES;
				CLANG_WARN__DUPLICATE_METHOD_MATCH = YES;
				COPY_PHASE_STRIP = NO;
				DEBUG_INFORMATION_FORMAT = dwarf;
				ENABLE_STRICT_OBJC_MSGSEND = YES;
				ENABLE_TESTABILITY = YES;
				GCC_C_LANGUAGE_STANDARD = gnu11;
				GCC_DYNAMIC_NO_PIC = NO;
				GCC_NO_COMMON_BLOCKS = YES;
				GCC_OPTIMIZATION_LEVEL = 0;
				GCC_PREPROCESSOR_DEFINITIONS = (
					"DEBUG=1",
					"$(inherited)",
				);
				GCC_WARN_64_TO_32_BIT_CONVERSION = YES;
				GCC_WARN_ABOUT_RETURN_TYPE = YES_ERROR;
				GCC_WARN_UNDECLARED_SELECTOR = YES;
				GCC_WARN_UNINITIALIZED_AUTOS = YES_AGGRESSIVE;
				GCC_WARN_UNUSED_FUNCTION = YES;
				GCC_WARN_UNUSED_VARIABLE = YES;
				IPHONEOS_DEPLOYMENT_TARGET = 16.4;
				MTL_ENABLE_DEBUG_INFO = INCLUDE_SOURCE;
				MTL_FAST_MATH = YES;
				ONLY_ACTIVE_ARCH = YES;
				SDKROOT = iphoneos;
				SWIFT_ACTIVE_COMPILATION_CONDITIONS = DEBUG;
				SWIFT_OPTIMIZATION_LEVEL = "-Onone";
			};
			name = Debug;
		};
		6F8846FD2A2791DF00127E84 /* Release */ = {
			isa = XCBuildConfiguration;
			buildSettings = {
				ALWAYS_SEARCH_USER_PATHS = NO;
				CLANG_ANALYZER_NONNULL = YES;
				CLANG_ANALYZER_NUMBER_OBJECT_CONVERSION = YES_AGGRESSIVE;
				CLANG_CXX_LANGUAGE_STANDARD = "gnu++20";
				CLANG_ENABLE_MODULES = YES;
				CLANG_ENABLE_OBJC_ARC = YES;
				CLANG_ENABLE_OBJC_WEAK = YES;
				CLANG_WARN_BLOCK_CAPTURE_AUTORELEASING = YES;
				CLANG_WARN_BOOL_CONVERSION = YES;
				CLANG_WARN_COMMA = YES;
				CLANG_WARN_CONSTANT_CONVERSION = YES;
				CLANG_WARN_DEPRECATED_OBJC_IMPLEMENTATIONS = YES;
				CLANG_WARN_DIRECT_OBJC_ISA_USAGE = YES_ERROR;
				CLANG_WARN_DOCUMENTATION_COMMENTS = YES;
				CLANG_WARN_EMPTY_BODY = YES;
				CLANG_WARN_ENUM_CONVERSION = YES;
				CLANG_WARN_INFINITE_RECURSION = YES;
				CLANG_WARN_INT_CONVERSION = YES;
				CLANG_WARN_NON_LITERAL_NULL_CONVERSION = YES;
				CLANG_WARN_OBJC_IMPLICIT_RETAIN_SELF = YES;
				CLANG_WARN_OBJC_LITERAL_CONVERSION = YES;
				CLANG_WARN_OBJC_ROOT_CLASS = YES_ERROR;
				CLANG_WARN_QUOTED_INCLUDE_IN_FRAMEWORK_HEADER = YES;
				CLANG_WARN_RANGE_LOOP_ANALYSIS = YES;
				CLANG_WARN_STRICT_PROTOTYPES = YES;
				CLANG_WARN_SUSPICIOUS_MOVE = YES;
				CLANG_WARN_UNGUARDED_AVAILABILITY = YES_AGGRESSIVE;
				CLANG_WARN_UNREACHABLE_CODE = YES;
				CLANG_WARN__DUPLICATE_METHOD_MATCH = YES;
				COPY_PHASE_STRIP = NO;
				DEBUG_INFORMATION_FORMAT = "dwarf-with-dsym";
				ENABLE_NS_ASSERTIONS = NO;
				ENABLE_STRICT_OBJC_MSGSEND = YES;
				GCC_C_LANGUAGE_STANDARD = gnu11;
				GCC_NO_COMMON_BLOCKS = YES;
				GCC_WARN_64_TO_32_BIT_CONVERSION = YES;
				GCC_WARN_ABOUT_RETURN_TYPE = YES_ERROR;
				GCC_WARN_UNDECLARED_SELECTOR = YES;
				GCC_WARN_UNINITIALIZED_AUTOS = YES_AGGRESSIVE;
				GCC_WARN_UNUSED_FUNCTION = YES;
				GCC_WARN_UNUSED_VARIABLE = YES;
				IPHONEOS_DEPLOYMENT_TARGET = 16.4;
				MTL_ENABLE_DEBUG_INFO = NO;
				MTL_FAST_MATH = YES;
				SDKROOT = iphoneos;
				SWIFT_COMPILATION_MODE = wholemodule;
				SWIFT_OPTIMIZATION_LEVEL = "-O";
				VALIDATE_PRODUCT = YES;
			};
			name = Release;
		};
		6F8846FF2A2791DF00127E84 /* Debug */ = {
			isa = XCBuildConfiguration;
			baseConfigurationReference = F6BF1F6DAB37BCCE09A2B4D1 /* Pods-Scanner.debug.xcconfig */;
			buildSettings = {
				ASSETCATALOG_COMPILER_APPICON_NAME = AppIcon;
				ASSETCATALOG_COMPILER_GLOBAL_ACCENT_COLOR_NAME = AccentColor;
				CODE_SIGN_STYLE = Automatic;
				CURRENT_PROJECT_VERSION = 1;
				DEVELOPMENT_ASSET_PATHS = "\"Scanner/Preview Content\"";
				DEVELOPMENT_TEAM = 6AXGT3WC24;
				ENABLE_PREVIEWS = YES;
				GENERATE_INFOPLIST_FILE = YES;
				INFOPLIST_KEY_NSCameraUsageDescription = "Camera is required to use this application";
				INFOPLIST_KEY_UIApplicationSceneManifest_Generation = YES;
				INFOPLIST_KEY_UIApplicationSupportsIndirectInputEvents = YES;
				INFOPLIST_KEY_UILaunchScreen_Generation = YES;
				INFOPLIST_KEY_UISupportedInterfaceOrientations_iPad = "UIInterfaceOrientationPortrait UIInterfaceOrientationPortraitUpsideDown UIInterfaceOrientationLandscapeLeft UIInterfaceOrientationLandscapeRight";
				INFOPLIST_KEY_UISupportedInterfaceOrientations_iPhone = "UIInterfaceOrientationPortrait UIInterfaceOrientationLandscapeLeft UIInterfaceOrientationLandscapeRight";
				LD_RUNPATH_SEARCH_PATHS = (
					"$(inherited)",
					"@executable_path/Frameworks",
				);
				MARKETING_VERSION = 1.0;
				PRODUCT_BUNDLE_IDENTIFIER = com.mkimura.Scanner;
				PRODUCT_NAME = "$(TARGET_NAME)";
				SWIFT_EMIT_LOC_STRINGS = YES;
				SWIFT_VERSION = 5.0;
				TARGETED_DEVICE_FAMILY = "1,2";
			};
			name = Debug;
		};
		6F8847002A2791DF00127E84 /* Release */ = {
			isa = XCBuildConfiguration;
			baseConfigurationReference = 1F0A13FC6F7C04259556EC80 /* Pods-Scanner.release.xcconfig */;
			buildSettings = {
				ASSETCATALOG_COMPILER_APPICON_NAME = AppIcon;
				ASSETCATALOG_COMPILER_GLOBAL_ACCENT_COLOR_NAME = AccentColor;
				CODE_SIGN_STYLE = Automatic;
				CURRENT_PROJECT_VERSION = 1;
				DEVELOPMENT_ASSET_PATHS = "\"Scanner/Preview Content\"";
				DEVELOPMENT_TEAM = 6AXGT3WC24;
				ENABLE_PREVIEWS = YES;
				GENERATE_INFOPLIST_FILE = YES;
				INFOPLIST_KEY_NSCameraUsageDescription = "Camera is required to use this application";
				INFOPLIST_KEY_UIApplicationSceneManifest_Generation = YES;
				INFOPLIST_KEY_UIApplicationSupportsIndirectInputEvents = YES;
				INFOPLIST_KEY_UILaunchScreen_Generation = YES;
				INFOPLIST_KEY_UISupportedInterfaceOrientations_iPad = "UIInterfaceOrientationPortrait UIInterfaceOrientationPortraitUpsideDown UIInterfaceOrientationLandscapeLeft UIInterfaceOrientationLandscapeRight";
				INFOPLIST_KEY_UISupportedInterfaceOrientations_iPhone = "UIInterfaceOrientationPortrait UIInterfaceOrientationLandscapeLeft UIInterfaceOrientationLandscapeRight";
				LD_RUNPATH_SEARCH_PATHS = (
					"$(inherited)",
					"@executable_path/Frameworks",
				);
				MARKETING_VERSION = 1.0;
				PRODUCT_BUNDLE_IDENTIFIER = com.mkimura.Scanner;
				PRODUCT_NAME = "$(TARGET_NAME)";
				SWIFT_EMIT_LOC_STRINGS = YES;
				SWIFT_VERSION = 5.0;
				TARGETED_DEVICE_FAMILY = "1,2";
			};
			name = Release;
		};
/* End XCBuildConfiguration section */

/* Begin XCConfigurationList section */
		6F8846EB2A2791DC00127E84 /* Build configuration list for PBXProject "Scanner" */ = {
			isa = XCConfigurationList;
			buildConfigurations = (
				6F8846FC2A2791DF00127E84 /* Debug */,
				6F8846FD2A2791DF00127E84 /* Release */,
			);
			defaultConfigurationIsVisible = 0;
			defaultConfigurationName = Release;
		};
		6F8846FE2A2791DF00127E84 /* Build configuration list for PBXNativeTarget "Scanner" */ = {
			isa = XCConfigurationList;
			buildConfigurations = (
				6F8846FF2A2791DF00127E84 /* Debug */,
				6F8847002A2791DF00127E84 /* Release */,
			);
			defaultConfigurationIsVisible = 0;
			defaultConfigurationName = Release;
		};
/* End XCConfigurationList section */
	};
	rootObject = 6F8846E82A2791DC00127E84 /* Project object */;
}
